
Microsoft Visual Studio Solution File, Format Version 12.00
# Visual Studio Version 17
VisualStudioVersion = 17.14.36408.4 d17.14
MinimumVisualStudioVersion = 10.0.40219.1
Project("{FAE04EC0-301F-11D3-BF4B-00C04F79EFBC}") = "HelloJobPH.Server", "HelloJobPH.Server\HelloJobPH.Server.csproj", "{61ADACD2-4293-4DD0-9AA2-5560AE87AB13}"
EndProject
Project("{FAE04EC0-301F-11D3-BF4B-00C04F79EFBC}") = "HelloJobPH.Employer", "HelloJobPH.Employer\HelloJobPH.Employer.csproj", "{554E89CC-71C2-4249-9909-A1F7B978EA09}"
EndProject
Project("{FAE04EC0-301F-11D3-BF4B-00C04F79EFBC}") = "HelloJobPH.Shared", "HelloJobPH.Shared\HelloJobPH.Shared.csproj", "{4BC6254F-9D5A-45CB-9D26-0E07FF8CBDF2}"
EndProject
Global
	GlobalSection(SolutionConfigurationPlatforms) = preSolution
		Debug|Any CPU = Debug|Any CPU
		Release|Any CPU = Release|Any CPU
	EndGlobalSection
	GlobalSection(ProjectConfigurationPlatforms) = postSolution
		{61ADACD2-4293-4DD0-9AA2-5560AE87AB13}.Debug|Any CPU.ActiveCfg = Debug|Any CPU
		{61ADACD2-4293-4DD0-9AA2-5560AE87AB13}.Debug|Any CPU.Build.0 = Debug|Any CPU
		{61ADACD2-4293-4DD0-9AA2-5560AE87AB13}.Release|Any CPU.ActiveCfg = Release|Any CPU
		{61ADACD2-4293-4DD0-9AA2-5560AE87AB13}.Release|Any CPU.Build.0 = Release|Any CPU
		{554E89CC-71C2-4249-9909-A1F7B978EA09}.Debug|Any CPU.ActiveCfg = Debug|Any CPU
		{554E89CC-71C2-4249-9909-A1F7B978EA09}.Debug|Any CPU.Build.0 = Debug|Any CPU
		{554E89CC-71C2-4249-9909-A1F7B978EA09}.Release|Any CPU.ActiveCfg = Release|Any CPU
		{554E89CC-71C2-4249-9909-A1F7B978EA09}.Release|Any CPU.Build.0 = Release|Any CPU
		{4BC6254F-9D5A-45CB-9D26-0E07FF8CBDF2}.Debug|Any CPU.ActiveCfg = Debug|Any CPU
		{4BC6254F-9D5A-45CB-9D26-0E07FF8CBDF2}.Debug|Any CPU.Build.0 = Debug|Any CPU
		{4BC6254F-9D5A-45CB-9D26-0E07FF8CBDF2}.Release|Any CPU.ActiveCfg = Release|Any CPU
		{4BC6254F-9D5A-45CB-9D26-0E07FF8CBDF2}.Release|Any CPU.Build.0 = Release|Any CPU
	EndGlobalSection
	GlobalSection(SolutionProperties) = preSolution
		HideSolutionNode = FALSE
	EndGlobalSection
	GlobalSection(ExtensibilityGlobals) = postSolution
		SolutionGuid = {2EE51153-8CD5-434B-84FF-79D3791D585B}
	EndGlobalSection
EndGlobal
